
Microsoft Visual Studio Solution File, Format Version 12.00
# Visual Studio 15
VisualStudioVersion = 15.0.27703.2035
MinimumVisualStudioVersion = 10.0.40219.1
Project("{FAE04EC0-301F-11D3-BF4B-00C04F79EFBC}") = "HelloWorld", "HelloWorld\HelloWorld.csproj", "{AC101FBB-1D58-4B24-8E62-A49CD0D48EDA}"
EndProject
Global
	GlobalSection(SolutionConfigurationPlatforms) = preSolution
		Debug|Any CPU = Debug|Any CPU
		Release|Any CPU = Release|Any CPU
	EndGlobalSection
	GlobalSection(ProjectConfigurationPlatforms) = postSolution
		{AC101FBB-1D58-4B24-8E62-A49CD0D48EDA}.Debug|Any CPU.ActiveCfg = Debug|Any CPU
		{AC101FBB-1D58-4B24-8E62-A49CD0D48EDA}.Debug|Any CPU.Build.0 = Debug|Any CPU
		{AC101FBB-1D58-4B24-8E62-A49CD0D48EDA}.Release|Any CPU.ActiveCfg = Release|Any CPU
		{AC101FBB-1D58-4B24-8E62-A49CD0D48EDA}.Release|Any CPU.Build.0 = Release|Any CPU
	EndGlobalSection
	GlobalSection(SolutionProperties) = preSolution
		HideSolutionNode = FALSE
	EndGlobalSection
	GlobalSection(ExtensibilityGlobals) = postSolution
		SolutionGuid = {1ED5917D-073B-4315-8474-3062870929D5}
	EndGlobalSection
EndGlobal
