
Microsoft Visual Studio Solution File, Format Version 12.00
# Visual Studio 15
VisualStudioVersion = 15.0.27428.1
MinimumVisualStudioVersion = 10.0.40219.1
Project("{8BC9CEB8-8B4A-11D0-8D11-00A0C91BC942}") = "MsgClient", "MsgClient\MsgClient.vcxproj", "{4313AAC6-8269-48B0-BB47-BE901BDA2BA3}"
EndProject
Global
	GlobalSection(SolutionConfigurationPlatforms) = preSolution
		Debug|x64 = Debug|x64
		Debug|x86 = Debug|x86
		Release|x64 = Release|x64
		Release|x86 = Release|x86
	EndGlobalSection
	GlobalSection(ProjectConfigurationPlatforms) = postSolution
		{4313AAC6-8269-48B0-BB47-BE901BDA2BA3}.Debug|x64.ActiveCfg = Debug|x64
		{4313AAC6-8269-48B0-BB47-BE901BDA2BA3}.Debug|x64.Build.0 = Debug|x64
		{4313AAC6-8269-48B0-BB47-BE901BDA2BA3}.Debug|x86.ActiveCfg = Debug|Win32
		{4313AAC6-8269-48B0-BB47-BE901BDA2BA3}.Debug|x86.Build.0 = Debug|Win32
		{4313AAC6-8269-48B0-BB47-BE901BDA2BA3}.Release|x64.ActiveCfg = Release|x64
		{4313AAC6-8269-48B0-BB47-BE901BDA2BA3}.Release|x64.Build.0 = Release|x64
		{4313AAC6-8269-48B0-BB47-BE901BDA2BA3}.Release|x86.ActiveCfg = Release|Win32
		{4313AAC6-8269-48B0-BB47-BE901BDA2BA3}.Release|x86.Build.0 = Release|Win32
	EndGlobalSection
	GlobalSection(SolutionProperties) = preSolution
		HideSolutionNode = FALSE
	EndGlobalSection
	GlobalSection(ExtensibilityGlobals) = postSolution
		SolutionGuid = {9EBF51FF-D019-41C3-AED1-A7D430DDBF7C}
	EndGlobalSection
EndGlobal
